
Microsoft Visual Studio Solution File, Format Version 12.00
# Visual Studio 14
VisualStudioVersion = 14.0.24720.0
MinimumVisualStudioVersion = 10.0.40219.1
Project("{2150E333-8FDC-42A3-9474-1A3956D46DE8}") = "src", "src", "{A204C7F5-8DED-4BBD-9835-00BF8135FA30}"
EndProject
Project("{2150E333-8FDC-42A3-9474-1A3956D46DE8}") = "Solution Items", "Solution Items", "{0F3840DC-CBF9-4C60-B7FD-C45DC7FC3C57}"
	ProjectSection(SolutionItems) = preProject
		global.json = global.json
	EndProjectSection
EndProject
Project("{8BB2217D-0F2D-49D1-97BC-3654ED321F3B}") = "Archive.API", "src\Archive.API\Archive.API.xproj", "{13848361-42DF-4AB9-978D-2A7E0C2BD015}"
EndProject
Project("{8BB2217D-0F2D-49D1-97BC-3654ED321F3B}") = "Checking.API", "src\Checking.API\Checking.API.xproj", "{4F6E345B-D781-4515-A439-866030EF435B}"
EndProject
Project("{2150E333-8FDC-42A3-9474-1A3956D46DE8}") = "Archive", "Archive", "{001D5A00-C0BF-4507-B56A-799C6CC192DF}"
EndProject
Project("{2150E333-8FDC-42A3-9474-1A3956D46DE8}") = "Checking", "Checking", "{7EC2CA94-2894-4CC8-A53E-BC67A9523FD4}"
EndProject
Project("{FAE04EC0-301F-11D3-BF4B-00C04F79EFBC}") = "Checking.API.Models", "src\Checking.API.Models\Checking.API.Models.csproj", "{35AC57B8-5DE3-4D75-84EA-A3102C73108A}"
EndProject
Project("{FAE04EC0-301F-11D3-BF4B-00C04F79EFBC}") = "Archive.API.Models", "src\Archive.API.Models\Archive.API.Models.csproj", "{2F8F650C-D46D-45FF-8773-4E9D27655083}"
EndProject
Project("{FAE04EC0-301F-11D3-BF4B-00C04F79EFBC}") = "CODIS.Data", "src\CODIS.Data\CODIS.Data.csproj", "{C217AF60-E8A1-41ED-B52C-EF0A83F9E42B}"
EndProject
Project("{FAE04EC0-301F-11D3-BF4B-00C04F79EFBC}") = "Checking.Base", "src\Checking.Base\Checking.Base.csproj", "{50454E4B-C5F6-4DC3-9712-31731A8B3944}"
EndProject
Project("{FAE04EC0-301F-11D3-BF4B-00C04F79EFBC}") = "Archive.Base", "src\Archive.Base\Archive.Base.csproj", "{E76A743E-B0BC-4096-87D4-3F0A239C7CBF}"
EndProject
Global
	GlobalSection(SolutionConfigurationPlatforms) = preSolution
		Debug|Any CPU = Debug|Any CPU
		Release|Any CPU = Release|Any CPU
	EndGlobalSection
	GlobalSection(ProjectConfigurationPlatforms) = postSolution
		{13848361-42DF-4AB9-978D-2A7E0C2BD015}.Debug|Any CPU.ActiveCfg = Debug|Any CPU
		{13848361-42DF-4AB9-978D-2A7E0C2BD015}.Debug|Any CPU.Build.0 = Debug|Any CPU
		{13848361-42DF-4AB9-978D-2A7E0C2BD015}.Release|Any CPU.ActiveCfg = Release|Any CPU
		{13848361-42DF-4AB9-978D-2A7E0C2BD015}.Release|Any CPU.Build.0 = Release|Any CPU
		{4F6E345B-D781-4515-A439-866030EF435B}.Debug|Any CPU.ActiveCfg = Debug|Any CPU
		{4F6E345B-D781-4515-A439-866030EF435B}.Debug|Any CPU.Build.0 = Debug|Any CPU
		{4F6E345B-D781-4515-A439-866030EF435B}.Release|Any CPU.ActiveCfg = Release|Any CPU
		{4F6E345B-D781-4515-A439-866030EF435B}.Release|Any CPU.Build.0 = Release|Any CPU
		{35AC57B8-5DE3-4D75-84EA-A3102C73108A}.Debug|Any CPU.ActiveCfg = Debug|Any CPU
		{35AC57B8-5DE3-4D75-84EA-A3102C73108A}.Debug|Any CPU.Build.0 = Debug|Any CPU
		{35AC57B8-5DE3-4D75-84EA-A3102C73108A}.Release|Any CPU.ActiveCfg = Release|Any CPU
		{35AC57B8-5DE3-4D75-84EA-A3102C73108A}.Release|Any CPU.Build.0 = Release|Any CPU
		{2F8F650C-D46D-45FF-8773-4E9D27655083}.Debug|Any CPU.ActiveCfg = Debug|Any CPU
		{2F8F650C-D46D-45FF-8773-4E9D27655083}.Debug|Any CPU.Build.0 = Debug|Any CPU
		{2F8F650C-D46D-45FF-8773-4E9D27655083}.Release|Any CPU.ActiveCfg = Release|Any CPU
		{2F8F650C-D46D-45FF-8773-4E9D27655083}.Release|Any CPU.Build.0 = Release|Any CPU
		{C217AF60-E8A1-41ED-B52C-EF0A83F9E42B}.Debug|Any CPU.ActiveCfg = Debug|Any CPU
		{C217AF60-E8A1-41ED-B52C-EF0A83F9E42B}.Debug|Any CPU.Build.0 = Debug|Any CPU
		{C217AF60-E8A1-41ED-B52C-EF0A83F9E42B}.Release|Any CPU.ActiveCfg = Release|Any CPU
		{C217AF60-E8A1-41ED-B52C-EF0A83F9E42B}.Release|Any CPU.Build.0 = Release|Any CPU
		{50454E4B-C5F6-4DC3-9712-31731A8B3944}.Debug|Any CPU.ActiveCfg = Debug|Any CPU
		{50454E4B-C5F6-4DC3-9712-31731A8B3944}.Debug|Any CPU.Build.0 = Debug|Any CPU
		{50454E4B-C5F6-4DC3-9712-31731A8B3944}.Release|Any CPU.ActiveCfg = Release|Any CPU
		{50454E4B-C5F6-4DC3-9712-31731A8B3944}.Release|Any CPU.Build.0 = Release|Any CPU
		{E76A743E-B0BC-4096-87D4-3F0A239C7CBF}.Debug|Any CPU.ActiveCfg = Debug|Any CPU
		{E76A743E-B0BC-4096-87D4-3F0A239C7CBF}.Debug|Any CPU.Build.0 = Debug|Any CPU
		{E76A743E-B0BC-4096-87D4-3F0A239C7CBF}.Release|Any CPU.ActiveCfg = Release|Any CPU
		{E76A743E-B0BC-4096-87D4-3F0A239C7CBF}.Release|Any CPU.Build.0 = Release|Any CPU
	EndGlobalSection
	GlobalSection(SolutionProperties) = preSolution
		HideSolutionNode = FALSE
	EndGlobalSection
	GlobalSection(NestedProjects) = preSolution
		{13848361-42DF-4AB9-978D-2A7E0C2BD015} = {001D5A00-C0BF-4507-B56A-799C6CC192DF}
		{4F6E345B-D781-4515-A439-866030EF435B} = {7EC2CA94-2894-4CC8-A53E-BC67A9523FD4}
		{001D5A00-C0BF-4507-B56A-799C6CC192DF} = {A204C7F5-8DED-4BBD-9835-00BF8135FA30}
		{7EC2CA94-2894-4CC8-A53E-BC67A9523FD4} = {A204C7F5-8DED-4BBD-9835-00BF8135FA30}
		{35AC57B8-5DE3-4D75-84EA-A3102C73108A} = {7EC2CA94-2894-4CC8-A53E-BC67A9523FD4}
		{2F8F650C-D46D-45FF-8773-4E9D27655083} = {001D5A00-C0BF-4507-B56A-799C6CC192DF}
		{C217AF60-E8A1-41ED-B52C-EF0A83F9E42B} = {A204C7F5-8DED-4BBD-9835-00BF8135FA30}
		{50454E4B-C5F6-4DC3-9712-31731A8B3944} = {7EC2CA94-2894-4CC8-A53E-BC67A9523FD4}
		{E76A743E-B0BC-4096-87D4-3F0A239C7CBF} = {001D5A00-C0BF-4507-B56A-799C6CC192DF}
	EndGlobalSection
EndGlobal
